
Microsoft Visual Studio Solution File, Format Version 12.00
# Visual Studio Version 16
VisualStudioVersion = 16.0.30114.105
MinimumVisualStudioVersion = 10.0.40219.1
Project("{FAE04EC0-301F-11D3-BF4B-00C04F79EFBC}") = "W2P1Exercise2", "W2P1Exercise2.csproj", "{A4E1A678-133C-4E82-998E-2C54B8E6C5DC}"
EndProject
Global
	GlobalSection(SolutionConfigurationPlatforms) = preSolution
		Debug|Any CPU = Debug|Any CPU
		Release|Any CPU = Release|Any CPU
	EndGlobalSection
	GlobalSection(ProjectConfigurationPlatforms) = postSolution
		{A4E1A678-133C-4E82-998E-2C54B8E6C5DC}.Debug|Any CPU.ActiveCfg = Debug|Any CPU
		{A4E1A678-133C-4E82-998E-2C54B8E6C5DC}.Debug|Any CPU.Build.0 = Debug|Any CPU
		{A4E1A678-133C-4E82-998E-2C54B8E6C5DC}.Release|Any CPU.ActiveCfg = Release|Any CPU
		{A4E1A678-133C-4E82-998E-2C54B8E6C5DC}.Release|Any CPU.Build.0 = Release|Any CPU
	EndGlobalSection
	GlobalSection(SolutionProperties) = preSolution
		HideSolutionNode = FALSE
	EndGlobalSection
	GlobalSection(ExtensibilityGlobals) = postSolution
		SolutionGuid = {E56B58B7-76B8-49AF-BD64-A63BD5FB1A16}
	EndGlobalSection
EndGlobal
