
Microsoft Visual Studio Solution File, Format Version 12.00
# Visual Studio Version 16
VisualStudioVersion = 16.0.30225.117
MinimumVisualStudioVersion = 10.0.40219.1
Project("{FAE04EC0-301F-11D3-BF4B-00C04F79EFBC}") = "FinalEFArkPatel", "FinalEFArkPatel.csproj", "{5C8275F5-01D7-4AD0-847D-669B306F9B3A}"
EndProject
Global
	GlobalSection(SolutionConfigurationPlatforms) = preSolution
		Debug|Any CPU = Debug|Any CPU
		Release|Any CPU = Release|Any CPU
	EndGlobalSection
	GlobalSection(ProjectConfigurationPlatforms) = postSolution
		{5C8275F5-01D7-4AD0-847D-669B306F9B3A}.Debug|Any CPU.ActiveCfg = Debug|Any CPU
		{5C8275F5-01D7-4AD0-847D-669B306F9B3A}.Debug|Any CPU.Build.0 = Debug|Any CPU
		{5C8275F5-01D7-4AD0-847D-669B306F9B3A}.Release|Any CPU.ActiveCfg = Release|Any CPU
		{5C8275F5-01D7-4AD0-847D-669B306F9B3A}.Release|Any CPU.Build.0 = Release|Any CPU
	EndGlobalSection
	GlobalSection(SolutionProperties) = preSolution
		HideSolutionNode = FALSE
	EndGlobalSection
	GlobalSection(ExtensibilityGlobals) = postSolution
		SolutionGuid = {47B3392D-2184-410A-A49C-9466240668DA}
	EndGlobalSection
EndGlobal
