
Microsoft Visual Studio Solution File, Format Version 12.00
# Visual Studio Version 16
VisualStudioVersion = 16.0.30114.105
MinimumVisualStudioVersion = 10.0.40219.1
Project("{FAE04EC0-301F-11D3-BF4B-00C04F79EFBC}") = "W1Exercise3", "W1Exercise3.csproj", "{D5CA54C6-6A95-43CD-A015-AF4DB8885B42}"
EndProject
Global
	GlobalSection(SolutionConfigurationPlatforms) = preSolution
		Debug|Any CPU = Debug|Any CPU
		Release|Any CPU = Release|Any CPU
	EndGlobalSection
	GlobalSection(ProjectConfigurationPlatforms) = postSolution
		{D5CA54C6-6A95-43CD-A015-AF4DB8885B42}.Debug|Any CPU.ActiveCfg = Debug|Any CPU
		{D5CA54C6-6A95-43CD-A015-AF4DB8885B42}.Debug|Any CPU.Build.0 = Debug|Any CPU
		{D5CA54C6-6A95-43CD-A015-AF4DB8885B42}.Release|Any CPU.ActiveCfg = Release|Any CPU
		{D5CA54C6-6A95-43CD-A015-AF4DB8885B42}.Release|Any CPU.Build.0 = Release|Any CPU
	EndGlobalSection
	GlobalSection(SolutionProperties) = preSolution
		HideSolutionNode = FALSE
	EndGlobalSection
	GlobalSection(ExtensibilityGlobals) = postSolution
		SolutionGuid = {220CB0DE-F142-41C0-82BE-63B95E9CDC90}
	EndGlobalSection
EndGlobal
