
Microsoft Visual Studio Solution File, Format Version 12.00
# Visual Studio Version 16
VisualStudioVersion = 16.0.30114.105
MinimumVisualStudioVersion = 10.0.40219.1
Project("{FAE04EC0-301F-11D3-BF4B-00C04F79EFBC}") = "w4P2Ex1", "w4P2Ex1.csproj", "{BADCA79C-B2E3-4640-940B-B5BAA1A0BF43}"
EndProject
Global
	GlobalSection(SolutionConfigurationPlatforms) = preSolution
		Debug|Any CPU = Debug|Any CPU
		Release|Any CPU = Release|Any CPU
	EndGlobalSection
	GlobalSection(ProjectConfigurationPlatforms) = postSolution
		{BADCA79C-B2E3-4640-940B-B5BAA1A0BF43}.Debug|Any CPU.ActiveCfg = Debug|Any CPU
		{BADCA79C-B2E3-4640-940B-B5BAA1A0BF43}.Debug|Any CPU.Build.0 = Debug|Any CPU
		{BADCA79C-B2E3-4640-940B-B5BAA1A0BF43}.Release|Any CPU.ActiveCfg = Release|Any CPU
		{BADCA79C-B2E3-4640-940B-B5BAA1A0BF43}.Release|Any CPU.Build.0 = Release|Any CPU
	EndGlobalSection
	GlobalSection(SolutionProperties) = preSolution
		HideSolutionNode = FALSE
	EndGlobalSection
	GlobalSection(ExtensibilityGlobals) = postSolution
		SolutionGuid = {FA689BFA-3144-46B6-8BFE-D802322FC22F}
	EndGlobalSection
EndGlobal
